
Microsoft Visual Studio Solution File, Format Version 12.00
# Visual Studio Version 17
VisualStudioVersion = 17.9.34723.18
MinimumVisualStudioVersion = 10.0.40219.1
Project("{FAE04EC0-301F-11D3-BF4B-00C04F79EFBC}") = "EntityFrameworkConsole", "EntityFrameworkConsole\EntityFrameworkConsole.csproj", "{DDB48369-B18F-455D-9776-19423027D6D6}"
EndProject
Global
	GlobalSection(SolutionConfigurationPlatforms) = preSolution
		Debug|Any CPU = Debug|Any CPU
		Release|Any CPU = Release|Any CPU
	EndGlobalSection
	GlobalSection(ProjectConfigurationPlatforms) = postSolution
		{DDB48369-B18F-455D-9776-19423027D6D6}.Debug|Any CPU.ActiveCfg = Debug|Any CPU
		{DDB48369-B18F-455D-9776-19423027D6D6}.Debug|Any CPU.Build.0 = Debug|Any CPU
		{DDB48369-B18F-455D-9776-19423027D6D6}.Release|Any CPU.ActiveCfg = Release|Any CPU
		{DDB48369-B18F-455D-9776-19423027D6D6}.Release|Any CPU.Build.0 = Release|Any CPU
	EndGlobalSection
	GlobalSection(SolutionProperties) = preSolution
		HideSolutionNode = FALSE
	EndGlobalSection
	GlobalSection(ExtensibilityGlobals) = postSolution
		SolutionGuid = {D787CA90-A281-414B-8F12-13BED72EFF88}
	EndGlobalSection
EndGlobal
